
Microsoft Visual Studio Solution File, Format Version 12.00
# Visual Studio Version 16
VisualStudioVersion = 16.0.28922.388
MinimumVisualStudioVersion = 10.0.40219.1
Project("{8BC9CEB8-8B4A-11D0-8D11-00A0C91BC942}") = "Lania", "Source\Lania\Lania.vcxproj", "{BEF1DA7A-9425-482F-B3E0-C8AE109DCD24}"
	ProjectSection(ProjectDependencies) = postProject
		{41AAEA07-60B0-4C63-B649-03C60E75ADA3} = {41AAEA07-60B0-4C63-B649-03C60E75ADA3}
		{B93F6932-6FFC-49B8-B7D7-6D90C1121F6F} = {B93F6932-6FFC-49B8-B7D7-6D90C1121F6F}
		{01D9DD36-4FDD-4D1E-8095-9706BF413061} = {01D9DD36-4FDD-4D1E-8095-9706BF413061}
		{4F803A46-3730-4329-A1B7-C5AF283B3B1F} = {4F803A46-3730-4329-A1B7-C5AF283B3B1F}
		{2A25226D-F124-41BA-A0D6-79B3C165B9EF} = {2A25226D-F124-41BA-A0D6-79B3C165B9EF}
		{8BE28B6E-29FF-4557-A68D-3AF50E0A42FE} = {8BE28B6E-29FF-4557-A68D-3AF50E0A42FE}
		{1B08258A-0763-429B-B7C0-9F3E26848314} = {1B08258A-0763-429B-B7C0-9F3E26848314}
		{6C120D91-529F-4933-9948-A3C7006E93B0} = {6C120D91-529F-4933-9948-A3C7006E93B0}
		{28705891-A448-4971-8F87-FC65D409C087} = {28705891-A448-4971-8F87-FC65D409C087}
		{D2CB0496-2AAE-48B6-A6CB-110100D8FFEC} = {D2CB0496-2AAE-48B6-A6CB-110100D8FFEC}
		{C94407AE-6521-46B1-BAD9-B4BBE493D6F0} = {C94407AE-6521-46B1-BAD9-B4BBE493D6F0}
		{7051A5C1-55CD-40FD-AC23-661F08BD53EF} = {7051A5C1-55CD-40FD-AC23-661F08BD53EF}
	EndProjectSection
EndProject
Project("{8BC9CEB8-8B4A-11D0-8D11-00A0C91BC942}") = "Core", "Source\Lania\Core\Core.vcxproj", "{C94407AE-6521-46B1-BAD9-B4BBE493D6F0}"
	ProjectSection(ProjectDependencies) = postProject
		{41AAEA07-60B0-4C63-B649-03C60E75ADA3} = {41AAEA07-60B0-4C63-B649-03C60E75ADA3}
		{01D9DD36-4FDD-4D1E-8095-9706BF413061} = {01D9DD36-4FDD-4D1E-8095-9706BF413061}
		{D2CB0496-2AAE-48B6-A6CB-110100D8FFEC} = {D2CB0496-2AAE-48B6-A6CB-110100D8FFEC}
	EndProjectSection
EndProject
Project("{8BC9CEB8-8B4A-11D0-8D11-00A0C91BC942}") = "Editor", "Source\Lania\Editor\Editor.vcxproj", "{B93F6932-6FFC-49B8-B7D7-6D90C1121F6F}"
EndProject
Project("{8BC9CEB8-8B4A-11D0-8D11-00A0C91BC942}") = "Audio", "Source\Lania\Engines\Audio\Audio.vcxproj", "{4F803A46-3730-4329-A1B7-C5AF283B3B1F}"
	ProjectSection(ProjectDependencies) = postProject
		{41AAEA07-60B0-4C63-B649-03C60E75ADA3} = {41AAEA07-60B0-4C63-B649-03C60E75ADA3}
		{6C120D91-529F-4933-9948-A3C7006E93B0} = {6C120D91-529F-4933-9948-A3C7006E93B0}
		{D2CB0496-2AAE-48B6-A6CB-110100D8FFEC} = {D2CB0496-2AAE-48B6-A6CB-110100D8FFEC}
	EndProjectSection
EndProject
Project("{8BC9CEB8-8B4A-11D0-8D11-00A0C91BC942}") = "Physics", "Source\Lania\Engines\Physics\Physics.vcxproj", "{28705891-A448-4971-8F87-FC65D409C087}"
	ProjectSection(ProjectDependencies) = postProject
		{41AAEA07-60B0-4C63-B649-03C60E75ADA3} = {41AAEA07-60B0-4C63-B649-03C60E75ADA3}
		{01D9DD36-4FDD-4D1E-8095-9706BF413061} = {01D9DD36-4FDD-4D1E-8095-9706BF413061}
		{6C120D91-529F-4933-9948-A3C7006E93B0} = {6C120D91-529F-4933-9948-A3C7006E93B0}
		{D2CB0496-2AAE-48B6-A6CB-110100D8FFEC} = {D2CB0496-2AAE-48B6-A6CB-110100D8FFEC}
	EndProjectSection
EndProject
Project("{8BC9CEB8-8B4A-11D0-8D11-00A0C91BC942}") = "Rendering", "Source\Lania\Engines\Rendering\Rendering.vcxproj", "{2A25226D-F124-41BA-A0D6-79B3C165B9EF}"
	ProjectSection(ProjectDependencies) = postProject
		{41AAEA07-60B0-4C63-B649-03C60E75ADA3} = {41AAEA07-60B0-4C63-B649-03C60E75ADA3}
		{01D9DD36-4FDD-4D1E-8095-9706BF413061} = {01D9DD36-4FDD-4D1E-8095-9706BF413061}
		{6C120D91-529F-4933-9948-A3C7006E93B0} = {6C120D91-529F-4933-9948-A3C7006E93B0}
		{D2CB0496-2AAE-48B6-A6CB-110100D8FFEC} = {D2CB0496-2AAE-48B6-A6CB-110100D8FFEC}
		{C94407AE-6521-46B1-BAD9-B4BBE493D6F0} = {C94407AE-6521-46B1-BAD9-B4BBE493D6F0}
	EndProjectSection
EndProject
Project("{8BC9CEB8-8B4A-11D0-8D11-00A0C91BC942}") = "2D", "Source\Lania\Application\Scene\2D\2D.vcxproj", "{9B9E1A88-D819-4030-A235-E8A849F58E9A}"
	ProjectSection(ProjectDependencies) = postProject
		{41AAEA07-60B0-4C63-B649-03C60E75ADA3} = {41AAEA07-60B0-4C63-B649-03C60E75ADA3}
		{01D9DD36-4FDD-4D1E-8095-9706BF413061} = {01D9DD36-4FDD-4D1E-8095-9706BF413061}
		{D2CB0496-2AAE-48B6-A6CB-110100D8FFEC} = {D2CB0496-2AAE-48B6-A6CB-110100D8FFEC}
		{E104A1ED-CEF1-4C8C-85B9-C363B9DBE313} = {E104A1ED-CEF1-4C8C-85B9-C363B9DBE313}
	EndProjectSection
EndProject
Project("{8BC9CEB8-8B4A-11D0-8D11-00A0C91BC942}") = "3D", "Source\Lania\Application\Scene\3D\3D.vcxproj", "{5ABEFB2F-87B3-43E0-B335-89BA9A7F8D8B}"
	ProjectSection(ProjectDependencies) = postProject
		{41AAEA07-60B0-4C63-B649-03C60E75ADA3} = {41AAEA07-60B0-4C63-B649-03C60E75ADA3}
		{01D9DD36-4FDD-4D1E-8095-9706BF413061} = {01D9DD36-4FDD-4D1E-8095-9706BF413061}
		{D2CB0496-2AAE-48B6-A6CB-110100D8FFEC} = {D2CB0496-2AAE-48B6-A6CB-110100D8FFEC}
		{E104A1ED-CEF1-4C8C-85B9-C363B9DBE313} = {E104A1ED-CEF1-4C8C-85B9-C363B9DBE313}
	EndProjectSection
EndProject
Project("{8BC9CEB8-8B4A-11D0-8D11-00A0C91BC942}") = "Networking", "Source\Lania\Engines\Networking\Networking.vcxproj", "{8BE28B6E-29FF-4557-A68D-3AF50E0A42FE}"
	ProjectSection(ProjectDependencies) = postProject
		{41AAEA07-60B0-4C63-B649-03C60E75ADA3} = {41AAEA07-60B0-4C63-B649-03C60E75ADA3}
		{6C120D91-529F-4933-9948-A3C7006E93B0} = {6C120D91-529F-4933-9948-A3C7006E93B0}
		{D2CB0496-2AAE-48B6-A6CB-110100D8FFEC} = {D2CB0496-2AAE-48B6-A6CB-110100D8FFEC}
		{C94407AE-6521-46B1-BAD9-B4BBE493D6F0} = {C94407AE-6521-46B1-BAD9-B4BBE493D6F0}
	EndProjectSection
EndProject
Project("{8BC9CEB8-8B4A-11D0-8D11-00A0C91BC942}") = "AI", "Source\Lania\Engines\AI\AI.vcxproj", "{1B08258A-0763-429B-B7C0-9F3E26848314}"
	ProjectSection(ProjectDependencies) = postProject
		{41AAEA07-60B0-4C63-B649-03C60E75ADA3} = {41AAEA07-60B0-4C63-B649-03C60E75ADA3}
		{6C120D91-529F-4933-9948-A3C7006E93B0} = {6C120D91-529F-4933-9948-A3C7006E93B0}
		{D2CB0496-2AAE-48B6-A6CB-110100D8FFEC} = {D2CB0496-2AAE-48B6-A6CB-110100D8FFEC}
	EndProjectSection
EndProject
Project("{8BC9CEB8-8B4A-11D0-8D11-00A0C91BC942}") = "Scene", "Source\Lania\Application\Scene\Scene.vcxproj", "{7051A5C1-55CD-40FD-AC23-661F08BD53EF}"
	ProjectSection(ProjectDependencies) = postProject
		{5ABEFB2F-87B3-43E0-B335-89BA9A7F8D8B} = {5ABEFB2F-87B3-43E0-B335-89BA9A7F8D8B}
		{01D9DD36-4FDD-4D1E-8095-9706BF413061} = {01D9DD36-4FDD-4D1E-8095-9706BF413061}
		{9B9E1A88-D819-4030-A235-E8A849F58E9A} = {9B9E1A88-D819-4030-A235-E8A849F58E9A}
		{E104A1ED-CEF1-4C8C-85B9-C363B9DBE313} = {E104A1ED-CEF1-4C8C-85B9-C363B9DBE313}
	EndProjectSection
EndProject
Project("{8BC9CEB8-8B4A-11D0-8D11-00A0C91BC942}") = "Application", "Source\Lania\Application\Application.vcxproj", "{6C120D91-529F-4933-9948-A3C7006E93B0}"
	ProjectSection(ProjectDependencies) = postProject
		{01D9DD36-4FDD-4D1E-8095-9706BF413061} = {01D9DD36-4FDD-4D1E-8095-9706BF413061}
		{8879D438-2BBF-4CF1-B3F1-11F03160C1B9} = {8879D438-2BBF-4CF1-B3F1-11F03160C1B9}
		{C94407AE-6521-46B1-BAD9-B4BBE493D6F0} = {C94407AE-6521-46B1-BAD9-B4BBE493D6F0}
		{7051A5C1-55CD-40FD-AC23-661F08BD53EF} = {7051A5C1-55CD-40FD-AC23-661F08BD53EF}
	EndProjectSection
EndProject
Project("{8BC9CEB8-8B4A-11D0-8D11-00A0C91BC942}") = "Definitions", "Source\Lania\Utilities\Definitions\Definitions.vcxproj", "{D2CB0496-2AAE-48B6-A6CB-110100D8FFEC}"
EndProject
Project("{8BC9CEB8-8B4A-11D0-8D11-00A0C91BC942}") = "Mathematics", "Source\Lania\Utilities\Mathematics\Mathematics.vcxproj", "{41AAEA07-60B0-4C63-B649-03C60E75ADA3}"
	ProjectSection(ProjectDependencies) = postProject
		{01D9DD36-4FDD-4D1E-8095-9706BF413061} = {01D9DD36-4FDD-4D1E-8095-9706BF413061}
	EndProjectSection
EndProject
Project("{8BC9CEB8-8B4A-11D0-8D11-00A0C91BC942}") = "Native", "Source\Lania\Application\Native\Native.vcxproj", "{8879D438-2BBF-4CF1-B3F1-11F03160C1B9}"
	ProjectSection(ProjectDependencies) = postProject
		{01D9DD36-4FDD-4D1E-8095-9706BF413061} = {01D9DD36-4FDD-4D1E-8095-9706BF413061}
		{7051A5C1-55CD-40FD-AC23-661F08BD53EF} = {7051A5C1-55CD-40FD-AC23-661F08BD53EF}
	EndProjectSection
EndProject
Project("{8BC9CEB8-8B4A-11D0-8D11-00A0C91BC942}") = "GenericCollections", "Source\Lania\Utilities\GenericCollections\GenericCollections.vcxproj", "{01D9DD36-4FDD-4D1E-8095-9706BF413061}"
EndProject
Project("{8BC9CEB8-8B4A-11D0-8D11-00A0C91BC942}") = "Assets", "Source\Lania\Application\Scene\Assets\Assets.vcxproj", "{E104A1ED-CEF1-4C8C-85B9-C363B9DBE313}"
EndProject
Project("{8BC9CEB8-8B4A-11D0-8D11-00A0C91BC942}") = "Animation", "Source\Lania\Engines\Animation\Animation.vcxproj", "{82719BF5-97E2-4372-A603-2E605E30F99C}"
EndProject
Global
	GlobalSection(SolutionConfigurationPlatforms) = preSolution
		Debug|x64 = Debug|x64
		Debug|x86 = Debug|x86
		Release|x64 = Release|x64
		Release|x86 = Release|x86
	EndGlobalSection
	GlobalSection(ProjectConfigurationPlatforms) = postSolution
		{BEF1DA7A-9425-482F-B3E0-C8AE109DCD24}.Debug|x64.ActiveCfg = Debug|x64
		{BEF1DA7A-9425-482F-B3E0-C8AE109DCD24}.Debug|x64.Build.0 = Debug|x64
		{BEF1DA7A-9425-482F-B3E0-C8AE109DCD24}.Debug|x86.ActiveCfg = Debug|Win32
		{BEF1DA7A-9425-482F-B3E0-C8AE109DCD24}.Debug|x86.Build.0 = Debug|Win32
		{BEF1DA7A-9425-482F-B3E0-C8AE109DCD24}.Release|x64.ActiveCfg = Release|x64
		{BEF1DA7A-9425-482F-B3E0-C8AE109DCD24}.Release|x64.Build.0 = Release|x64
		{BEF1DA7A-9425-482F-B3E0-C8AE109DCD24}.Release|x86.ActiveCfg = Release|Win32
		{BEF1DA7A-9425-482F-B3E0-C8AE109DCD24}.Release|x86.Build.0 = Release|Win32
		{C94407AE-6521-46B1-BAD9-B4BBE493D6F0}.Debug|x64.ActiveCfg = Debug|x64
		{C94407AE-6521-46B1-BAD9-B4BBE493D6F0}.Debug|x64.Build.0 = Debug|x64
		{C94407AE-6521-46B1-BAD9-B4BBE493D6F0}.Debug|x86.ActiveCfg = Debug|Win32
		{C94407AE-6521-46B1-BAD9-B4BBE493D6F0}.Debug|x86.Build.0 = Debug|Win32
		{C94407AE-6521-46B1-BAD9-B4BBE493D6F0}.Release|x64.ActiveCfg = Release|x64
		{C94407AE-6521-46B1-BAD9-B4BBE493D6F0}.Release|x64.Build.0 = Release|x64
		{C94407AE-6521-46B1-BAD9-B4BBE493D6F0}.Release|x86.ActiveCfg = Release|Win32
		{C94407AE-6521-46B1-BAD9-B4BBE493D6F0}.Release|x86.Build.0 = Release|Win32
		{B93F6932-6FFC-49B8-B7D7-6D90C1121F6F}.Debug|x64.ActiveCfg = Debug|x64
		{B93F6932-6FFC-49B8-B7D7-6D90C1121F6F}.Debug|x64.Build.0 = Debug|x64
		{B93F6932-6FFC-49B8-B7D7-6D90C1121F6F}.Debug|x86.ActiveCfg = Debug|Win32
		{B93F6932-6FFC-49B8-B7D7-6D90C1121F6F}.Debug|x86.Build.0 = Debug|Win32
		{B93F6932-6FFC-49B8-B7D7-6D90C1121F6F}.Release|x64.ActiveCfg = Release|x64
		{B93F6932-6FFC-49B8-B7D7-6D90C1121F6F}.Release|x64.Build.0 = Release|x64
		{B93F6932-6FFC-49B8-B7D7-6D90C1121F6F}.Release|x86.ActiveCfg = Release|Win32
		{B93F6932-6FFC-49B8-B7D7-6D90C1121F6F}.Release|x86.Build.0 = Release|Win32
		{4F803A46-3730-4329-A1B7-C5AF283B3B1F}.Debug|x64.ActiveCfg = Debug|x64
		{4F803A46-3730-4329-A1B7-C5AF283B3B1F}.Debug|x64.Build.0 = Debug|x64
		{4F803A46-3730-4329-A1B7-C5AF283B3B1F}.Debug|x86.ActiveCfg = Debug|Win32
		{4F803A46-3730-4329-A1B7-C5AF283B3B1F}.Debug|x86.Build.0 = Debug|Win32
		{4F803A46-3730-4329-A1B7-C5AF283B3B1F}.Release|x64.ActiveCfg = Release|x64
		{4F803A46-3730-4329-A1B7-C5AF283B3B1F}.Release|x64.Build.0 = Release|x64
		{4F803A46-3730-4329-A1B7-C5AF283B3B1F}.Release|x86.ActiveCfg = Release|Win32
		{4F803A46-3730-4329-A1B7-C5AF283B3B1F}.Release|x86.Build.0 = Release|Win32
		{28705891-A448-4971-8F87-FC65D409C087}.Debug|x64.ActiveCfg = Debug|x64
		{28705891-A448-4971-8F87-FC65D409C087}.Debug|x64.Build.0 = Debug|x64
		{28705891-A448-4971-8F87-FC65D409C087}.Debug|x86.ActiveCfg = Debug|Win32
		{28705891-A448-4971-8F87-FC65D409C087}.Debug|x86.Build.0 = Debug|Win32
		{28705891-A448-4971-8F87-FC65D409C087}.Release|x64.ActiveCfg = Release|x64
		{28705891-A448-4971-8F87-FC65D409C087}.Release|x64.Build.0 = Release|x64
		{28705891-A448-4971-8F87-FC65D409C087}.Release|x86.ActiveCfg = Release|Win32
		{28705891-A448-4971-8F87-FC65D409C087}.Release|x86.Build.0 = Release|Win32
		{2A25226D-F124-41BA-A0D6-79B3C165B9EF}.Debug|x64.ActiveCfg = Debug|x64
		{2A25226D-F124-41BA-A0D6-79B3C165B9EF}.Debug|x64.Build.0 = Debug|x64
		{2A25226D-F124-41BA-A0D6-79B3C165B9EF}.Debug|x86.ActiveCfg = Debug|Win32
		{2A25226D-F124-41BA-A0D6-79B3C165B9EF}.Debug|x86.Build.0 = Debug|Win32
		{2A25226D-F124-41BA-A0D6-79B3C165B9EF}.Release|x64.ActiveCfg = Release|x64
		{2A25226D-F124-41BA-A0D6-79B3C165B9EF}.Release|x64.Build.0 = Release|x64
		{2A25226D-F124-41BA-A0D6-79B3C165B9EF}.Release|x86.ActiveCfg = Release|Win32
		{2A25226D-F124-41BA-A0D6-79B3C165B9EF}.Release|x86.Build.0 = Release|Win32
		{9B9E1A88-D819-4030-A235-E8A849F58E9A}.Debug|x64.ActiveCfg = Debug|x64
		{9B9E1A88-D819-4030-A235-E8A849F58E9A}.Debug|x64.Build.0 = Debug|x64
		{9B9E1A88-D819-4030-A235-E8A849F58E9A}.Debug|x86.ActiveCfg = Debug|Win32
		{9B9E1A88-D819-4030-A235-E8A849F58E9A}.Debug|x86.Build.0 = Debug|Win32
		{9B9E1A88-D819-4030-A235-E8A849F58E9A}.Release|x64.ActiveCfg = Release|x64
		{9B9E1A88-D819-4030-A235-E8A849F58E9A}.Release|x64.Build.0 = Release|x64
		{9B9E1A88-D819-4030-A235-E8A849F58E9A}.Release|x86.ActiveCfg = Release|Win32
		{9B9E1A88-D819-4030-A235-E8A849F58E9A}.Release|x86.Build.0 = Release|Win32
		{5ABEFB2F-87B3-43E0-B335-89BA9A7F8D8B}.Debug|x64.ActiveCfg = Debug|x64
		{5ABEFB2F-87B3-43E0-B335-89BA9A7F8D8B}.Debug|x64.Build.0 = Debug|x64
		{5ABEFB2F-87B3-43E0-B335-89BA9A7F8D8B}.Debug|x86.ActiveCfg = Debug|Win32
		{5ABEFB2F-87B3-43E0-B335-89BA9A7F8D8B}.Debug|x86.Build.0 = Debug|Win32
		{5ABEFB2F-87B3-43E0-B335-89BA9A7F8D8B}.Release|x64.ActiveCfg = Release|x64
		{5ABEFB2F-87B3-43E0-B335-89BA9A7F8D8B}.Release|x64.Build.0 = Release|x64
		{5ABEFB2F-87B3-43E0-B335-89BA9A7F8D8B}.Release|x86.ActiveCfg = Release|Win32
		{5ABEFB2F-87B3-43E0-B335-89BA9A7F8D8B}.Release|x86.Build.0 = Release|Win32
		{8BE28B6E-29FF-4557-A68D-3AF50E0A42FE}.Debug|x64.ActiveCfg = Debug|x64
		{8BE28B6E-29FF-4557-A68D-3AF50E0A42FE}.Debug|x64.Build.0 = Debug|x64
		{8BE28B6E-29FF-4557-A68D-3AF50E0A42FE}.Debug|x86.ActiveCfg = Debug|Win32
		{8BE28B6E-29FF-4557-A68D-3AF50E0A42FE}.Debug|x86.Build.0 = Debug|Win32
		{8BE28B6E-29FF-4557-A68D-3AF50E0A42FE}.Release|x64.ActiveCfg = Release|x64
		{8BE28B6E-29FF-4557-A68D-3AF50E0A42FE}.Release|x64.Build.0 = Release|x64
		{8BE28B6E-29FF-4557-A68D-3AF50E0A42FE}.Release|x86.ActiveCfg = Release|Win32
		{8BE28B6E-29FF-4557-A68D-3AF50E0A42FE}.Release|x86.Build.0 = Release|Win32
		{1B08258A-0763-429B-B7C0-9F3E26848314}.Debug|x64.ActiveCfg = Debug|x64
		{1B08258A-0763-429B-B7C0-9F3E26848314}.Debug|x64.Build.0 = Debug|x64
		{1B08258A-0763-429B-B7C0-9F3E26848314}.Debug|x86.ActiveCfg = Debug|Win32
		{1B08258A-0763-429B-B7C0-9F3E26848314}.Debug|x86.Build.0 = Debug|Win32
		{1B08258A-0763-429B-B7C0-9F3E26848314}.Release|x64.ActiveCfg = Release|x64
		{1B08258A-0763-429B-B7C0-9F3E26848314}.Release|x64.Build.0 = Release|x64
		{1B08258A-0763-429B-B7C0-9F3E26848314}.Release|x86.ActiveCfg = Release|Win32
		{1B08258A-0763-429B-B7C0-9F3E26848314}.Release|x86.Build.0 = Release|Win32
		{7051A5C1-55CD-40FD-AC23-661F08BD53EF}.Debug|x64.ActiveCfg = Debug|x64
		{7051A5C1-55CD-40FD-AC23-661F08BD53EF}.Debug|x64.Build.0 = Debug|x64
		{7051A5C1-55CD-40FD-AC23-661F08BD53EF}.Debug|x86.ActiveCfg = Debug|Win32
		{7051A5C1-55CD-40FD-AC23-661F08BD53EF}.Debug|x86.Build.0 = Debug|Win32
		{7051A5C1-55CD-40FD-AC23-661F08BD53EF}.Release|x64.ActiveCfg = Release|x64
		{7051A5C1-55CD-40FD-AC23-661F08BD53EF}.Release|x64.Build.0 = Release|x64
		{7051A5C1-55CD-40FD-AC23-661F08BD53EF}.Release|x86.ActiveCfg = Release|Win32
		{7051A5C1-55CD-40FD-AC23-661F08BD53EF}.Release|x86.Build.0 = Release|Win32
		{6C120D91-529F-4933-9948-A3C7006E93B0}.Debug|x64.ActiveCfg = Debug|x64
		{6C120D91-529F-4933-9948-A3C7006E93B0}.Debug|x64.Build.0 = Debug|x64
		{6C120D91-529F-4933-9948-A3C7006E93B0}.Debug|x86.ActiveCfg = Debug|Win32
		{6C120D91-529F-4933-9948-A3C7006E93B0}.Debug|x86.Build.0 = Debug|Win32
		{6C120D91-529F-4933-9948-A3C7006E93B0}.Release|x64.ActiveCfg = Release|x64
		{6C120D91-529F-4933-9948-A3C7006E93B0}.Release|x64.Build.0 = Release|x64
		{6C120D91-529F-4933-9948-A3C7006E93B0}.Release|x86.ActiveCfg = Release|Win32
		{6C120D91-529F-4933-9948-A3C7006E93B0}.Release|x86.Build.0 = Release|Win32
		{D2CB0496-2AAE-48B6-A6CB-110100D8FFEC}.Debug|x64.ActiveCfg = Debug|x64
		{D2CB0496-2AAE-48B6-A6CB-110100D8FFEC}.Debug|x64.Build.0 = Debug|x64
		{D2CB0496-2AAE-48B6-A6CB-110100D8FFEC}.Debug|x86.ActiveCfg = Debug|Win32
		{D2CB0496-2AAE-48B6-A6CB-110100D8FFEC}.Debug|x86.Build.0 = Debug|Win32
		{D2CB0496-2AAE-48B6-A6CB-110100D8FFEC}.Release|x64.ActiveCfg = Release|x64
		{D2CB0496-2AAE-48B6-A6CB-110100D8FFEC}.Release|x64.Build.0 = Release|x64
		{D2CB0496-2AAE-48B6-A6CB-110100D8FFEC}.Release|x86.ActiveCfg = Release|Win32
		{D2CB0496-2AAE-48B6-A6CB-110100D8FFEC}.Release|x86.Build.0 = Release|Win32
		{41AAEA07-60B0-4C63-B649-03C60E75ADA3}.Debug|x64.ActiveCfg = Debug|x64
		{41AAEA07-60B0-4C63-B649-03C60E75ADA3}.Debug|x64.Build.0 = Debug|x64
		{41AAEA07-60B0-4C63-B649-03C60E75ADA3}.Debug|x86.ActiveCfg = Debug|Win32
		{41AAEA07-60B0-4C63-B649-03C60E75ADA3}.Debug|x86.Build.0 = Debug|Win32
		{41AAEA07-60B0-4C63-B649-03C60E75ADA3}.Release|x64.ActiveCfg = Release|x64
		{41AAEA07-60B0-4C63-B649-03C60E75ADA3}.Release|x64.Build.0 = Release|x64
		{41AAEA07-60B0-4C63-B649-03C60E75ADA3}.Release|x86.ActiveCfg = Release|Win32
		{41AAEA07-60B0-4C63-B649-03C60E75ADA3}.Release|x86.Build.0 = Release|Win32
		{8879D438-2BBF-4CF1-B3F1-11F03160C1B9}.Debug|x64.ActiveCfg = Debug|x64
		{8879D438-2BBF-4CF1-B3F1-11F03160C1B9}.Debug|x64.Build.0 = Debug|x64
		{8879D438-2BBF-4CF1-B3F1-11F03160C1B9}.Debug|x86.ActiveCfg = Debug|Win32
		{8879D438-2BBF-4CF1-B3F1-11F03160C1B9}.Debug|x86.Build.0 = Debug|Win32
		{8879D438-2BBF-4CF1-B3F1-11F03160C1B9}.Release|x64.ActiveCfg = Release|x64
		{8879D438-2BBF-4CF1-B3F1-11F03160C1B9}.Release|x64.Build.0 = Release|x64
		{8879D438-2BBF-4CF1-B3F1-11F03160C1B9}.Release|x86.ActiveCfg = Release|Win32
		{8879D438-2BBF-4CF1-B3F1-11F03160C1B9}.Release|x86.Build.0 = Release|Win32
		{01D9DD36-4FDD-4D1E-8095-9706BF413061}.Debug|x64.ActiveCfg = Debug|x64
		{01D9DD36-4FDD-4D1E-8095-9706BF413061}.Debug|x64.Build.0 = Debug|x64
		{01D9DD36-4FDD-4D1E-8095-9706BF413061}.Debug|x86.ActiveCfg = Debug|Win32
		{01D9DD36-4FDD-4D1E-8095-9706BF413061}.Debug|x86.Build.0 = Debug|Win32
		{01D9DD36-4FDD-4D1E-8095-9706BF413061}.Release|x64.ActiveCfg = Release|x64
		{01D9DD36-4FDD-4D1E-8095-9706BF413061}.Release|x64.Build.0 = Release|x64
		{01D9DD36-4FDD-4D1E-8095-9706BF413061}.Release|x86.ActiveCfg = Release|Win32
		{01D9DD36-4FDD-4D1E-8095-9706BF413061}.Release|x86.Build.0 = Release|Win32
		{E104A1ED-CEF1-4C8C-85B9-C363B9DBE313}.Debug|x64.ActiveCfg = Debug|x64
		{E104A1ED-CEF1-4C8C-85B9-C363B9DBE313}.Debug|x64.Build.0 = Debug|x64
		{E104A1ED-CEF1-4C8C-85B9-C363B9DBE313}.Debug|x86.ActiveCfg = Debug|Win32
		{E104A1ED-CEF1-4C8C-85B9-C363B9DBE313}.Debug|x86.Build.0 = Debug|Win32
		{E104A1ED-CEF1-4C8C-85B9-C363B9DBE313}.Release|x64.ActiveCfg = Release|x64
		{E104A1ED-CEF1-4C8C-85B9-C363B9DBE313}.Release|x64.Build.0 = Release|x64
		{E104A1ED-CEF1-4C8C-85B9-C363B9DBE313}.Release|x86.ActiveCfg = Release|Win32
		{E104A1ED-CEF1-4C8C-85B9-C363B9DBE313}.Release|x86.Build.0 = Release|Win32
		{82719BF5-97E2-4372-A603-2E605E30F99C}.Debug|x64.ActiveCfg = Debug|x64
		{82719BF5-97E2-4372-A603-2E605E30F99C}.Debug|x64.Build.0 = Debug|x64
		{82719BF5-97E2-4372-A603-2E605E30F99C}.Debug|x86.ActiveCfg = Debug|Win32
		{82719BF5-97E2-4372-A603-2E605E30F99C}.Debug|x86.Build.0 = Debug|Win32
		{82719BF5-97E2-4372-A603-2E605E30F99C}.Release|x64.ActiveCfg = Release|x64
		{82719BF5-97E2-4372-A603-2E605E30F99C}.Release|x64.Build.0 = Release|x64
		{82719BF5-97E2-4372-A603-2E605E30F99C}.Release|x86.ActiveCfg = Release|Win32
		{82719BF5-97E2-4372-A603-2E605E30F99C}.Release|x86.Build.0 = Release|Win32
	EndGlobalSection
	GlobalSection(SolutionProperties) = preSolution
		HideSolutionNode = FALSE
	EndGlobalSection
	GlobalSection(ExtensibilityGlobals) = postSolution
		SolutionGuid = {61AB25D2-DCAD-466B-BA4D-D0AB81AA9202}
	EndGlobalSection
EndGlobal
