
Microsoft Visual Studio Solution File, Format Version 12.00
# Visual Studio 15
VisualStudioVersion = 15.0.27703.2035
MinimumVisualStudioVersion = 10.0.40219.1
Project("{8BC9CEB8-8B4A-11D0-8D11-00A0C91BC942}") = "Lania", "Source\Lania\Lania.vcxproj", "{BEF1DA7A-9425-482F-B3E0-C8AE109DCD24}"
EndProject
Global
	GlobalSection(SolutionConfigurationPlatforms) = preSolution
		Debug|x64 = Debug|x64
		Debug|x86 = Debug|x86
		Release|x64 = Release|x64
		Release|x86 = Release|x86
	EndGlobalSection
	GlobalSection(ProjectConfigurationPlatforms) = postSolution
		{BEF1DA7A-9425-482F-B3E0-C8AE109DCD24}.Debug|x64.ActiveCfg = Debug|x64
		{BEF1DA7A-9425-482F-B3E0-C8AE109DCD24}.Debug|x64.Build.0 = Debug|x64
		{BEF1DA7A-9425-482F-B3E0-C8AE109DCD24}.Debug|x86.ActiveCfg = Debug|Win32
		{BEF1DA7A-9425-482F-B3E0-C8AE109DCD24}.Debug|x86.Build.0 = Debug|Win32
		{BEF1DA7A-9425-482F-B3E0-C8AE109DCD24}.Release|x64.ActiveCfg = Release|x64
		{BEF1DA7A-9425-482F-B3E0-C8AE109DCD24}.Release|x64.Build.0 = Release|x64
		{BEF1DA7A-9425-482F-B3E0-C8AE109DCD24}.Release|x86.ActiveCfg = Release|Win32
		{BEF1DA7A-9425-482F-B3E0-C8AE109DCD24}.Release|x86.Build.0 = Release|Win32
	EndGlobalSection
	GlobalSection(SolutionProperties) = preSolution
		HideSolutionNode = FALSE
	EndGlobalSection
	GlobalSection(ExtensibilityGlobals) = postSolution
		SolutionGuid = {61AB25D2-DCAD-466B-BA4D-D0AB81AA9202}
	EndGlobalSection
EndGlobal
