<?xml version="1.0" encoding="utf-8"?>
<Project ToolsVersion="4.0" xmlns="http://schemas.microsoft.com/developer/msbuild/2003">
  <ItemGroup>
    <Filter Include="Source Files">
      <UniqueIdentifier>{4FC737F1-C7A5-4376-A066-2A32D752A2FF}</UniqueIdentifier>
      <Extensions>cpp;c;cc;cxx;def;odl;idl;hpj;bat;asm;asmx</Extensions>
    </Filter>
    <Filter Include="Header Files">
      <UniqueIdentifier>{93995380-89BD-4b04-88EB-625FBE52EBFB}</UniqueIdentifier>
      <Extensions>h;hh;hpp;hxx;hm;inl;inc;xsd</Extensions>
    </Filter>
    <Filter Include="Resource Files">
      <UniqueIdentifier>{67DA6AB6-F800-4c08-8B7A-83BB121AAD01}</UniqueIdentifier>
      <Extensions>rc;ico;cur;bmp;dlg;rc2;rct;bin;rgs;gif;jpg;jpeg;jpe;resx;tiff;tif;png;wav;mfcribbon-ms</Extensions>
    </Filter>
  </ItemGroup>
  <ItemGroup>
    <ClInclude Include="Core\LaniaEngine.hpp">
      <Filter>Header Files</Filter>
    </ClInclude>
    <ClInclude Include="Core\Configuration.hpp">
      <Filter>Header Files</Filter>
    </ClInclude>
    <ClInclude Include="Core\UnitTesting.hpp">
      <Filter>Header Files</Filter>
    </ClInclude>
    <ClInclude Include="Core\OS\File.hpp">
      <Filter>Header Files</Filter>
    </ClInclude>
    <ClInclude Include="Core\OS\Logging.hpp">
      <Filter>Header Files</Filter>
    </ClInclude>
    <ClInclude Include="Core\OS\OS.hpp">
      <Filter>Header Files</Filter>
    </ClInclude>
    <ClInclude Include="Input\Keyboard.hpp">
      <Filter>Header Files</Filter>
    </ClInclude>
    <ClInclude Include="Core\Engine.hpp">
      <Filter>Header Files</Filter>
    </ClInclude>
    <ClInclude Include="Core\Input.hpp">
      <Filter>Header Files</Filter>
    </ClInclude>
    <ClInclude Include="Core\Output.hpp">
      <Filter>Header Files</Filter>
    </ClInclude>
    <ClInclude Include="Constants.hpp">
      <Filter>Header Files</Filter>
    </ClInclude>
    <ClInclude Include="Application\Application.hpp">
      <Filter>Header Files</Filter>
    </ClInclude>
    <ClInclude Include="Application\Scripting\Bytecode.hpp">
      <Filter>Header Files</Filter>
    </ClInclude>
    <ClInclude Include="Core\Timer.hpp">
      <Filter>Header Files</Filter>
    </ClInclude>
    <ClInclude Include="Application\Scripting\Variables.hpp">
      <Filter>Header Files</Filter>
    </ClInclude>
    <ClInclude Include="Core\DataStructures\List.hpp">
      <Filter>Header Files</Filter>
    </ClInclude>
    <ClInclude Include="Application\Scenes\2D\RigidBody2D.hpp">
      <Filter>Header Files</Filter>
    </ClInclude>
    <ClInclude Include="Application\Scenes\2D\Vector2.hpp">
      <Filter>Header Files</Filter>
    </ClInclude>
    <ClInclude Include="Application\Scenes\2D\StaticBody2D.hpp">
      <Filter>Header Files</Filter>
    </ClInclude>
    <ClInclude Include="Application\Scenes\2D\Rect.hpp">
      <Filter>Header Files</Filter>
    </ClInclude>
    <ClInclude Include="Core\DataStructures\String.hpp">
      <Filter>Header Files</Filter>
    </ClInclude>
    <ClInclude Include="Core\DataStructures\Stack.hpp">
      <Filter>Header Files</Filter>
    </ClInclude>
    <ClInclude Include="Application\Scenes\2D\Scene2D.hpp">
      <Filter>Header Files</Filter>
    </ClInclude>
    <ClInclude Include="Application\Scenes\Scene.hpp">
      <Filter>Header Files</Filter>
    </ClInclude>
    <ClInclude Include="Application\Scenes\2D\Entity2D.hpp">
      <Filter>Header Files</Filter>
    </ClInclude>
    <ClInclude Include="Application\Scenes\2D\Camera2D.hpp">
      <Filter>Header Files</Filter>
    </ClInclude>
    <ClInclude Include="Application\Scenes\2D\Transform2D.hpp">
      <Filter>Header Files</Filter>
    </ClInclude>
    <ClInclude Include="Application\Scenes\2D\BoxCollider2D.hpp">
      <Filter>Header Files</Filter>
    </ClInclude>
    <ClInclude Include="Application\Scenes\2D\CircleCollider.hpp">
      <Filter>Header Files</Filter>
    </ClInclude>
    <ClInclude Include="Application\Scenes\2D\ConstantForce2D.hpp">
      <Filter>Header Files</Filter>
    </ClInclude>
    <ClInclude Include="Core\DataStructures\Map.hpp">
      <Filter>Header Files</Filter>
    </ClInclude>
    <ClInclude Include="Core\DataStructures\Set.hpp">
      <Filter>Header Files</Filter>
    </ClInclude>
    <ClInclude Include="Core\Platform.hpp">
      <Filter>Header Files</Filter>
    </ClInclude>
    <ClInclude Include="Application\Scenes\2D\AABB2D.hpp">
      <Filter>Header Files</Filter>
    </ClInclude>
    <ClInclude Include="Rendering\RendererSDL.hpp">
      <Filter>Header Files</Filter>
    </ClInclude>
    <ClInclude Include="Rendering\SDLRenderable.hpp">
      <Filter>Header Files</Filter>
    </ClInclude>
    <ClInclude Include="Rendering\GPU.hpp">
      <Filter>Header Files</Filter>
    </ClInclude>
    <ClInclude Include="Physics\Physics2D.hpp">
      <Filter>Header Files</Filter>
    </ClInclude>
    <ClInclude Include="Application\Scenes\2D\Sprite2D.hpp">
      <Filter>Header Files</Filter>
    </ClInclude>
    <ClInclude Include="Definitions.hpp">
      <Filter>Header Files</Filter>
    </ClInclude>
    <ClInclude Include="Application\Scenes\2D\PointLock2D.hpp">
      <Filter>Header Files</Filter>
    </ClInclude>
  </ItemGroup>
  <ItemGroup>
    <ClCompile Include="Core\LaniaEngine.cpp">
      <Filter>Source Files</Filter>
    </ClCompile>
    <ClCompile Include="Core\Configuration.cpp">
      <Filter>Source Files</Filter>
    </ClCompile>
    <ClCompile Include="Core\UnitTesting.cpp">
      <Filter>Source Files</Filter>
    </ClCompile>
    <ClCompile Include="Core\OS\File.cpp">
      <Filter>Source Files</Filter>
    </ClCompile>
    <ClCompile Include="Core\OS\Logging.cpp">
      <Filter>Source Files</Filter>
    </ClCompile>
    <ClCompile Include="Core\OS\OS.cpp">
      <Filter>Source Files</Filter>
    </ClCompile>
    <ClCompile Include="Input\Keyboard.cpp">
      <Filter>Source Files</Filter>
    </ClCompile>
    <ClCompile Include="main.cpp">
      <Filter>Source Files</Filter>
    </ClCompile>
    <ClCompile Include="Core\Timer.cpp">
      <Filter>Source Files</Filter>
    </ClCompile>
    <ClCompile Include="Application\Application.cpp">
      <Filter>Source Files</Filter>
    </ClCompile>
    <ClCompile Include="Application\Scenes\2D\Vector2.cpp">
      <Filter>Source Files</Filter>
    </ClCompile>
    <ClCompile Include="Core\DataStructures\String.cpp">
      <Filter>Source Files</Filter>
    </ClCompile>
    <ClCompile Include="Core\DataStructures\Stack.cpp">
      <Filter>Source Files</Filter>
    </ClCompile>
    <ClCompile Include="Rendering\RendererSDL.cpp">
      <Filter>Source Files</Filter>
    </ClCompile>
    <ClCompile Include="Physics\Physics2D.cpp">
      <Filter>Source Files</Filter>
    </ClCompile>
  </ItemGroup>
</Project>